
Microsoft Visual Studio Solution File, Format Version 12.00
# Visual Studio 15
VisualStudioVersion = 15.0.27428.2027
MinimumVisualStudioVersion = 10.0.40219.1
Project("{2150E333-8FDC-42A3-9474-1A3956D46DE8}") = "Datamodel", "Datamodel", "{15086548-E820-4CA5-A934-16A23DEF1578}"
EndProject
Project("{2150E333-8FDC-42A3-9474-1A3956D46DE8}") = "Helpers", "Helpers", "{62EB3638-C885-4FE1-97A0-637FB567D24C}"
EndProject
Project("{FAE04EC0-301F-11D3-BF4B-00C04F79EFBC}") = "datamodel", "Datamodel\datamodel.csproj", "{ABD9D342-DEA7-4843-8636-D1AAA54D1CF5}"
EndProject
Project("{FAE04EC0-301F-11D3-BF4B-00C04F79EFBC}") = "exceptions", "Exceptions\exceptions.csproj", "{5F9A51F6-0A0A-4E33-A554-3C3A3F8A4B41}"
EndProject
Project("{FAE04EC0-301F-11D3-BF4B-00C04F79EFBC}") = "datatables", "Helpers\Datatables\datatables.csproj", "{F8C3AEE9-82C6-4B97-8C7B-31B1F8906644}"
EndProject
Project("{FAE04EC0-301F-11D3-BF4B-00C04F79EFBC}") = "utilities", "Helpers\Utilities\utilities.csproj", "{49C1AC4D-91D4-4DB2-B4F0-FBA11AA2212C}"
EndProject
Project("{FAE04EC0-301F-11D3-BF4B-00C04F79EFBC}") = "crudbase", "Helpers\CrudBase\crudbase.csproj", "{A918E918-A56A-44BE-BD9E-A1D1756BA6A1}"
EndProject
Project("{FAE04EC0-301F-11D3-BF4B-00C04F79EFBC}") = "itextsharppdf", "Helpers\iTextSharpPDF\itextsharppdf.csproj", "{9CDC28B4-19F6-4D8C-A268-7A4034DA6BA6}"
EndProject
Project("{FAE04EC0-301F-11D3-BF4B-00C04F79EFBC}") = "BarcodeLib", "Helpers\BarcodeLib\BarcodeLib.csproj", "{F8646414-0C9C-49BB-9DA3-3923BF78A398}"
EndProject
Project("{FAE04EC0-301F-11D3-BF4B-00C04F79EFBC}") = "handlerbase", "Helpers\HandlerBase\handlerbase.csproj", "{CA5D295F-BAE3-42AB-8498-E6C913751973}"
EndProject
Project("{FAE04EC0-301F-11D3-BF4B-00C04F79EFBC}") = "facadebase", "Helpers\FacadeBase\facadebase.csproj", "{2CDE3DCD-4D3F-4419-BF89-ADE042124700}"
EndProject
Project("{FAE04EC0-301F-11D3-BF4B-00C04F79EFBC}") = "entitybase", "Helpers\EntityBase\entitybase.csproj", "{F511D4F6-77A9-4273-BDC1-8B97E9F4EECC}"
EndProject
Project("{FAE04EC0-301F-11D3-BF4B-00C04F79EFBC}") = "crudmanager", "Helpers\CrudManager\crudmanager.csproj", "{945DBF74-FB4B-416E-86F4-F23BE5E13E41}"
EndProject
Project("{FAE04EC0-301F-11D3-BF4B-00C04F79EFBC}") = "fileio", "Helpers\FileIO\fileio.csproj", "{1BCAC7DA-E1D5-409C-B604-24D7F52FDBBD}"
EndProject
Project("{FAE04EC0-301F-11D3-BF4B-00C04F79EFBC}") = "dtpagination", "Helpers\DTPagination\dtpagination.csproj", "{4FED31F6-C456-4718-90FB-A15111D22858}"
EndProject
Project("{FAE04EC0-301F-11D3-BF4B-00C04F79EFBC}") = "creditcardvalidation", "Helpers\CreditCardValidation\creditcardvalidation.csproj", "{3F029609-4510-4534-9694-E8877AB4998E}"
EndProject
Project("{FAE04EC0-301F-11D3-BF4B-00C04F79EFBC}") = "TecnoRed", "Helpers\TecnoRed\TecnoRed\TecnoRed.csproj", "{5D077F7D-3C03-4E5E-8D19-0F83B39149A9}"
EndProject
Project("{FAE04EC0-301F-11D3-BF4B-00C04F79EFBC}") = "exportadorexcel", "Helpers\ExportadorExcel\exportadorexcel.csproj", "{EC28466D-1D16-4294-BB94-B5567F100BC1}"
EndProject
Project("{FAE04EC0-301F-11D3-BF4B-00C04F79EFBC}") = "captchagen", "Helpers\captchagen\captchagen.csproj", "{961256BC-07BF-4117-A2EC-5BF533C6D909}"
EndProject
Project("{FAE04EC0-301F-11D3-BF4B-00C04F79EFBC}") = "ServicioFrontera", "Helpers\ServicioFrontera\ServicioFrontera\ServicioFrontera.csproj", "{D02FDA0C-3121-4EDE-87EC-0FB4755CDAC5}"
EndProject
Project("{FAE04EC0-301F-11D3-BF4B-00C04F79EFBC}") = "common", "common\common.csproj", "{039FB4E4-B19E-48C7-A60E-1C7CCAAE6558}"
EndProject
Project("{FAE04EC0-301F-11D3-BF4B-00C04F79EFBC}") = "RestRequests", "Helpers\RestRequests\RestRequests.csproj", "{09A3FB1E-2D36-43C2-896E-97393AEA65A4}"
EndProject
Project("{FAE04EC0-301F-11D3-BF4B-00C04F79EFBC}") = "historico", "Helpers\historico\historico.csproj", "{D9DB6840-A136-44BF-B6C3-1261D4B3F56F}"
EndProject
Project("{2150E333-8FDC-42A3-9474-1A3956D46DE8}") = "Business", "Business", "{74B7AFC5-E659-4132-A3C1-842B01DBF7E1}"
EndProject
Project("{FAE04EC0-301F-11D3-BF4B-00C04F79EFBC}") = "planesMultilineaModel", "Business\PlanesMultilineaModel\planesMultilineaModel.csproj", "{981D0EE3-D159-4AB1-8DE6-8AEE8DCB12C7}"
EndProject
Project("{FAE04EC0-301F-11D3-BF4B-00C04F79EFBC}") = "creditcardvalidationLookups", "Helpers\CreditCardValidationLookups\creditcardvalidationLookups.csproj", "{57C126D9-B6F7-44E3-A0B1-A75B434B1970}"
EndProject
Project("{FAE04EC0-301F-11D3-BF4B-00C04F79EFBC}") = "planesMultilinea", "Business\PlanesCerrados\planesMultilinea.csproj", "{02CEDDE7-5A09-41CA-8481-C055224D60EB}"
EndProject
Project("{FAE04EC0-301F-11D3-BF4B-00C04F79EFBC}") = "packsModel", "Business\PacksModel\packsModel.csproj", "{EF13DFAB-4AE7-4288-B4B5-9FA0DD757AAD}"
EndProject
Project("{FAE04EC0-301F-11D3-BF4B-00C04F79EFBC}") = "sysoneBus", "Business\SysoneBus\sysoneBus.csproj", "{81B1CAD2-0F0E-42EE-85DF-D5715116BAD6}"
EndProject
Project("{FAE04EC0-301F-11D3-BF4B-00C04F79EFBC}") = "mercadoPagoManager", "Business\MercadoPagoManager\mercadoPagoManager.csproj", "{58818FAF-B8E4-4099-86B9-0D6E1917A737}"
EndProject
Project("{FAE04EC0-301F-11D3-BF4B-00C04F79EFBC}") = "mercadoPagoModel", "Business\MercadoPagoModel\mercadoPagoModel.csproj", "{091049CE-CFB0-47B7-9C53-1C75E1C9725D}"
EndProject
Global
	GlobalSection(SolutionConfigurationPlatforms) = preSolution
		Debug|Any CPU = Debug|Any CPU
		Debug|x64 = Debug|x64
		Debug|x86 = Debug|x86
		Release|Any CPU = Release|Any CPU
		Release|x64 = Release|x64
		Release|x86 = Release|x86
	EndGlobalSection
	GlobalSection(ProjectConfigurationPlatforms) = postSolution
		{ABD9D342-DEA7-4843-8636-D1AAA54D1CF5}.Debug|Any CPU.ActiveCfg = Debug|Any CPU
		{ABD9D342-DEA7-4843-8636-D1AAA54D1CF5}.Debug|Any CPU.Build.0 = Debug|Any CPU
		{ABD9D342-DEA7-4843-8636-D1AAA54D1CF5}.Debug|x64.ActiveCfg = Debug|x64
		{ABD9D342-DEA7-4843-8636-D1AAA54D1CF5}.Debug|x64.Build.0 = Debug|x64
		{ABD9D342-DEA7-4843-8636-D1AAA54D1CF5}.Debug|x86.ActiveCfg = Debug|x86
		{ABD9D342-DEA7-4843-8636-D1AAA54D1CF5}.Debug|x86.Build.0 = Debug|x86
		{ABD9D342-DEA7-4843-8636-D1AAA54D1CF5}.Release|Any CPU.ActiveCfg = Release|Any CPU
		{ABD9D342-DEA7-4843-8636-D1AAA54D1CF5}.Release|Any CPU.Build.0 = Release|Any CPU
		{ABD9D342-DEA7-4843-8636-D1AAA54D1CF5}.Release|x64.ActiveCfg = Release|x64
		{ABD9D342-DEA7-4843-8636-D1AAA54D1CF5}.Release|x64.Build.0 = Release|x64
		{ABD9D342-DEA7-4843-8636-D1AAA54D1CF5}.Release|x86.ActiveCfg = Release|x86
		{ABD9D342-DEA7-4843-8636-D1AAA54D1CF5}.Release|x86.Build.0 = Release|x86
		{5F9A51F6-0A0A-4E33-A554-3C3A3F8A4B41}.Debug|Any CPU.ActiveCfg = Debug|Any CPU
		{5F9A51F6-0A0A-4E33-A554-3C3A3F8A4B41}.Debug|Any CPU.Build.0 = Debug|Any CPU
		{5F9A51F6-0A0A-4E33-A554-3C3A3F8A4B41}.Debug|x64.ActiveCfg = Debug|x64
		{5F9A51F6-0A0A-4E33-A554-3C3A3F8A4B41}.Debug|x64.Build.0 = Debug|x64
		{5F9A51F6-0A0A-4E33-A554-3C3A3F8A4B41}.Debug|x86.ActiveCfg = Debug|x86
		{5F9A51F6-0A0A-4E33-A554-3C3A3F8A4B41}.Debug|x86.Build.0 = Debug|x86
		{5F9A51F6-0A0A-4E33-A554-3C3A3F8A4B41}.Release|Any CPU.ActiveCfg = Release|Any CPU
		{5F9A51F6-0A0A-4E33-A554-3C3A3F8A4B41}.Release|Any CPU.Build.0 = Release|Any CPU
		{5F9A51F6-0A0A-4E33-A554-3C3A3F8A4B41}.Release|x64.ActiveCfg = Release|x64
		{5F9A51F6-0A0A-4E33-A554-3C3A3F8A4B41}.Release|x64.Build.0 = Release|x64
		{5F9A51F6-0A0A-4E33-A554-3C3A3F8A4B41}.Release|x86.ActiveCfg = Release|x86
		{5F9A51F6-0A0A-4E33-A554-3C3A3F8A4B41}.Release|x86.Build.0 = Release|x86
		{F8C3AEE9-82C6-4B97-8C7B-31B1F8906644}.Debug|Any CPU.ActiveCfg = Debug|Any CPU
		{F8C3AEE9-82C6-4B97-8C7B-31B1F8906644}.Debug|Any CPU.Build.0 = Debug|Any CPU
		{F8C3AEE9-82C6-4B97-8C7B-31B1F8906644}.Debug|x64.ActiveCfg = Debug|x64
		{F8C3AEE9-82C6-4B97-8C7B-31B1F8906644}.Debug|x64.Build.0 = Debug|x64
		{F8C3AEE9-82C6-4B97-8C7B-31B1F8906644}.Debug|x86.ActiveCfg = Debug|x86
		{F8C3AEE9-82C6-4B97-8C7B-31B1F8906644}.Debug|x86.Build.0 = Debug|x86
		{F8C3AEE9-82C6-4B97-8C7B-31B1F8906644}.Release|Any CPU.ActiveCfg = Release|Any CPU
		{F8C3AEE9-82C6-4B97-8C7B-31B1F8906644}.Release|Any CPU.Build.0 = Release|Any CPU
		{F8C3AEE9-82C6-4B97-8C7B-31B1F8906644}.Release|x64.ActiveCfg = Release|x64
		{F8C3AEE9-82C6-4B97-8C7B-31B1F8906644}.Release|x64.Build.0 = Release|x64
		{F8C3AEE9-82C6-4B97-8C7B-31B1F8906644}.Release|x86.ActiveCfg = Release|x86
		{F8C3AEE9-82C6-4B97-8C7B-31B1F8906644}.Release|x86.Build.0 = Release|x86
		{49C1AC4D-91D4-4DB2-B4F0-FBA11AA2212C}.Debug|Any CPU.ActiveCfg = Debug|Any CPU
		{49C1AC4D-91D4-4DB2-B4F0-FBA11AA2212C}.Debug|Any CPU.Build.0 = Debug|Any CPU
		{49C1AC4D-91D4-4DB2-B4F0-FBA11AA2212C}.Debug|x64.ActiveCfg = Debug|x64
		{49C1AC4D-91D4-4DB2-B4F0-FBA11AA2212C}.Debug|x64.Build.0 = Debug|x64
		{49C1AC4D-91D4-4DB2-B4F0-FBA11AA2212C}.Debug|x86.ActiveCfg = Debug|x86
		{49C1AC4D-91D4-4DB2-B4F0-FBA11AA2212C}.Debug|x86.Build.0 = Debug|x86
		{49C1AC4D-91D4-4DB2-B4F0-FBA11AA2212C}.Release|Any CPU.ActiveCfg = Release|Any CPU
		{49C1AC4D-91D4-4DB2-B4F0-FBA11AA2212C}.Release|Any CPU.Build.0 = Release|Any CPU
		{49C1AC4D-91D4-4DB2-B4F0-FBA11AA2212C}.Release|x64.ActiveCfg = Release|x64
		{49C1AC4D-91D4-4DB2-B4F0-FBA11AA2212C}.Release|x64.Build.0 = Release|x64
		{49C1AC4D-91D4-4DB2-B4F0-FBA11AA2212C}.Release|x86.ActiveCfg = Release|x86
		{49C1AC4D-91D4-4DB2-B4F0-FBA11AA2212C}.Release|x86.Build.0 = Release|x86
		{A918E918-A56A-44BE-BD9E-A1D1756BA6A1}.Debug|Any CPU.ActiveCfg = Debug|Any CPU
		{A918E918-A56A-44BE-BD9E-A1D1756BA6A1}.Debug|Any CPU.Build.0 = Debug|Any CPU
		{A918E918-A56A-44BE-BD9E-A1D1756BA6A1}.Debug|x64.ActiveCfg = Debug|x64
		{A918E918-A56A-44BE-BD9E-A1D1756BA6A1}.Debug|x64.Build.0 = Debug|x64
		{A918E918-A56A-44BE-BD9E-A1D1756BA6A1}.Debug|x86.ActiveCfg = Debug|x86
		{A918E918-A56A-44BE-BD9E-A1D1756BA6A1}.Debug|x86.Build.0 = Debug|x86
		{A918E918-A56A-44BE-BD9E-A1D1756BA6A1}.Release|Any CPU.ActiveCfg = Release|Any CPU
		{A918E918-A56A-44BE-BD9E-A1D1756BA6A1}.Release|Any CPU.Build.0 = Release|Any CPU
		{A918E918-A56A-44BE-BD9E-A1D1756BA6A1}.Release|x64.ActiveCfg = Release|x64
		{A918E918-A56A-44BE-BD9E-A1D1756BA6A1}.Release|x64.Build.0 = Release|x64
		{A918E918-A56A-44BE-BD9E-A1D1756BA6A1}.Release|x86.ActiveCfg = Release|x86
		{A918E918-A56A-44BE-BD9E-A1D1756BA6A1}.Release|x86.Build.0 = Release|x86
		{9CDC28B4-19F6-4D8C-A268-7A4034DA6BA6}.Debug|Any CPU.ActiveCfg = Debug|Any CPU
		{9CDC28B4-19F6-4D8C-A268-7A4034DA6BA6}.Debug|Any CPU.Build.0 = Debug|Any CPU
		{9CDC28B4-19F6-4D8C-A268-7A4034DA6BA6}.Debug|x64.ActiveCfg = Debug|x64
		{9CDC28B4-19F6-4D8C-A268-7A4034DA6BA6}.Debug|x64.Build.0 = Debug|x64
		{9CDC28B4-19F6-4D8C-A268-7A4034DA6BA6}.Debug|x86.ActiveCfg = Debug|x86
		{9CDC28B4-19F6-4D8C-A268-7A4034DA6BA6}.Debug|x86.Build.0 = Debug|x86
		{9CDC28B4-19F6-4D8C-A268-7A4034DA6BA6}.Release|Any CPU.ActiveCfg = Release|Any CPU
		{9CDC28B4-19F6-4D8C-A268-7A4034DA6BA6}.Release|Any CPU.Build.0 = Release|Any CPU
		{9CDC28B4-19F6-4D8C-A268-7A4034DA6BA6}.Release|x64.ActiveCfg = Release|x64
		{9CDC28B4-19F6-4D8C-A268-7A4034DA6BA6}.Release|x64.Build.0 = Release|x64
		{9CDC28B4-19F6-4D8C-A268-7A4034DA6BA6}.Release|x86.ActiveCfg = Release|x86
		{9CDC28B4-19F6-4D8C-A268-7A4034DA6BA6}.Release|x86.Build.0 = Release|x86
		{F8646414-0C9C-49BB-9DA3-3923BF78A398}.Debug|Any CPU.ActiveCfg = Debug|Any CPU
		{F8646414-0C9C-49BB-9DA3-3923BF78A398}.Debug|Any CPU.Build.0 = Debug|Any CPU
		{F8646414-0C9C-49BB-9DA3-3923BF78A398}.Debug|x64.ActiveCfg = Debug|x64
		{F8646414-0C9C-49BB-9DA3-3923BF78A398}.Debug|x64.Build.0 = Debug|x64
		{F8646414-0C9C-49BB-9DA3-3923BF78A398}.Debug|x86.ActiveCfg = Debug|x86
		{F8646414-0C9C-49BB-9DA3-3923BF78A398}.Debug|x86.Build.0 = Debug|x86
		{F8646414-0C9C-49BB-9DA3-3923BF78A398}.Release|Any CPU.ActiveCfg = Release|Any CPU
		{F8646414-0C9C-49BB-9DA3-3923BF78A398}.Release|Any CPU.Build.0 = Release|Any CPU
		{F8646414-0C9C-49BB-9DA3-3923BF78A398}.Release|x64.ActiveCfg = Release|x64
		{F8646414-0C9C-49BB-9DA3-3923BF78A398}.Release|x64.Build.0 = Release|x64
		{F8646414-0C9C-49BB-9DA3-3923BF78A398}.Release|x86.ActiveCfg = Release|x86
		{F8646414-0C9C-49BB-9DA3-3923BF78A398}.Release|x86.Build.0 = Release|x86
		{CA5D295F-BAE3-42AB-8498-E6C913751973}.Debug|Any CPU.ActiveCfg = Debug|Any CPU
		{CA5D295F-BAE3-42AB-8498-E6C913751973}.Debug|Any CPU.Build.0 = Debug|Any CPU
		{CA5D295F-BAE3-42AB-8498-E6C913751973}.Debug|x64.ActiveCfg = Debug|x64
		{CA5D295F-BAE3-42AB-8498-E6C913751973}.Debug|x64.Build.0 = Debug|x64
		{CA5D295F-BAE3-42AB-8498-E6C913751973}.Debug|x86.ActiveCfg = Debug|x86
		{CA5D295F-BAE3-42AB-8498-E6C913751973}.Debug|x86.Build.0 = Debug|x86
		{CA5D295F-BAE3-42AB-8498-E6C913751973}.Release|Any CPU.ActiveCfg = Release|Any CPU
		{CA5D295F-BAE3-42AB-8498-E6C913751973}.Release|Any CPU.Build.0 = Release|Any CPU
		{CA5D295F-BAE3-42AB-8498-E6C913751973}.Release|x64.ActiveCfg = Release|x64
		{CA5D295F-BAE3-42AB-8498-E6C913751973}.Release|x64.Build.0 = Release|x64
		{CA5D295F-BAE3-42AB-8498-E6C913751973}.Release|x86.ActiveCfg = Release|x86
		{CA5D295F-BAE3-42AB-8498-E6C913751973}.Release|x86.Build.0 = Release|x86
		{2CDE3DCD-4D3F-4419-BF89-ADE042124700}.Debug|Any CPU.ActiveCfg = Debug|Any CPU
		{2CDE3DCD-4D3F-4419-BF89-ADE042124700}.Debug|Any CPU.Build.0 = Debug|Any CPU
		{2CDE3DCD-4D3F-4419-BF89-ADE042124700}.Debug|x64.ActiveCfg = Debug|x64
		{2CDE3DCD-4D3F-4419-BF89-ADE042124700}.Debug|x64.Build.0 = Debug|x64
		{2CDE3DCD-4D3F-4419-BF89-ADE042124700}.Debug|x86.ActiveCfg = Debug|x86
		{2CDE3DCD-4D3F-4419-BF89-ADE042124700}.Debug|x86.Build.0 = Debug|x86
		{2CDE3DCD-4D3F-4419-BF89-ADE042124700}.Release|Any CPU.ActiveCfg = Release|Any CPU
		{2CDE3DCD-4D3F-4419-BF89-ADE042124700}.Release|Any CPU.Build.0 = Release|Any CPU
		{2CDE3DCD-4D3F-4419-BF89-ADE042124700}.Release|x64.ActiveCfg = Release|x64
		{2CDE3DCD-4D3F-4419-BF89-ADE042124700}.Release|x64.Build.0 = Release|x64
		{2CDE3DCD-4D3F-4419-BF89-ADE042124700}.Release|x86.ActiveCfg = Release|x86
		{2CDE3DCD-4D3F-4419-BF89-ADE042124700}.Release|x86.Build.0 = Release|x86
		{F511D4F6-77A9-4273-BDC1-8B97E9F4EECC}.Debug|Any CPU.ActiveCfg = Debug|Any CPU
		{F511D4F6-77A9-4273-BDC1-8B97E9F4EECC}.Debug|Any CPU.Build.0 = Debug|Any CPU
		{F511D4F6-77A9-4273-BDC1-8B97E9F4EECC}.Debug|x64.ActiveCfg = Debug|x64
		{F511D4F6-77A9-4273-BDC1-8B97E9F4EECC}.Debug|x64.Build.0 = Debug|x64
		{F511D4F6-77A9-4273-BDC1-8B97E9F4EECC}.Debug|x86.ActiveCfg = Debug|x86
		{F511D4F6-77A9-4273-BDC1-8B97E9F4EECC}.Debug|x86.Build.0 = Debug|x86
		{F511D4F6-77A9-4273-BDC1-8B97E9F4EECC}.Release|Any CPU.ActiveCfg = Release|Any CPU
		{F511D4F6-77A9-4273-BDC1-8B97E9F4EECC}.Release|Any CPU.Build.0 = Release|Any CPU
		{F511D4F6-77A9-4273-BDC1-8B97E9F4EECC}.Release|x64.ActiveCfg = Release|x64
		{F511D4F6-77A9-4273-BDC1-8B97E9F4EECC}.Release|x64.Build.0 = Release|x64
		{F511D4F6-77A9-4273-BDC1-8B97E9F4EECC}.Release|x86.ActiveCfg = Release|x86
		{F511D4F6-77A9-4273-BDC1-8B97E9F4EECC}.Release|x86.Build.0 = Release|x86
		{945DBF74-FB4B-416E-86F4-F23BE5E13E41}.Debug|Any CPU.ActiveCfg = Debug|Any CPU
		{945DBF74-FB4B-416E-86F4-F23BE5E13E41}.Debug|Any CPU.Build.0 = Debug|Any CPU
		{945DBF74-FB4B-416E-86F4-F23BE5E13E41}.Debug|x64.ActiveCfg = Debug|x64
		{945DBF74-FB4B-416E-86F4-F23BE5E13E41}.Debug|x64.Build.0 = Debug|x64
		{945DBF74-FB4B-416E-86F4-F23BE5E13E41}.Debug|x86.ActiveCfg = Debug|x86
		{945DBF74-FB4B-416E-86F4-F23BE5E13E41}.Debug|x86.Build.0 = Debug|x86
		{945DBF74-FB4B-416E-86F4-F23BE5E13E41}.Release|Any CPU.ActiveCfg = Release|Any CPU
		{945DBF74-FB4B-416E-86F4-F23BE5E13E41}.Release|Any CPU.Build.0 = Release|Any CPU
		{945DBF74-FB4B-416E-86F4-F23BE5E13E41}.Release|x64.ActiveCfg = Release|x64
		{945DBF74-FB4B-416E-86F4-F23BE5E13E41}.Release|x64.Build.0 = Release|x64
		{945DBF74-FB4B-416E-86F4-F23BE5E13E41}.Release|x86.ActiveCfg = Release|x86
		{945DBF74-FB4B-416E-86F4-F23BE5E13E41}.Release|x86.Build.0 = Release|x86
		{1BCAC7DA-E1D5-409C-B604-24D7F52FDBBD}.Debug|Any CPU.ActiveCfg = Debug|Any CPU
		{1BCAC7DA-E1D5-409C-B604-24D7F52FDBBD}.Debug|Any CPU.Build.0 = Debug|Any CPU
		{1BCAC7DA-E1D5-409C-B604-24D7F52FDBBD}.Debug|x64.ActiveCfg = Debug|x64
		{1BCAC7DA-E1D5-409C-B604-24D7F52FDBBD}.Debug|x64.Build.0 = Debug|x64
		{1BCAC7DA-E1D5-409C-B604-24D7F52FDBBD}.Debug|x86.ActiveCfg = Debug|x86
		{1BCAC7DA-E1D5-409C-B604-24D7F52FDBBD}.Debug|x86.Build.0 = Debug|x86
		{1BCAC7DA-E1D5-409C-B604-24D7F52FDBBD}.Release|Any CPU.ActiveCfg = Release|Any CPU
		{1BCAC7DA-E1D5-409C-B604-24D7F52FDBBD}.Release|Any CPU.Build.0 = Release|Any CPU
		{1BCAC7DA-E1D5-409C-B604-24D7F52FDBBD}.Release|x64.ActiveCfg = Release|x64
		{1BCAC7DA-E1D5-409C-B604-24D7F52FDBBD}.Release|x64.Build.0 = Release|x64
		{1BCAC7DA-E1D5-409C-B604-24D7F52FDBBD}.Release|x86.ActiveCfg = Release|x86
		{1BCAC7DA-E1D5-409C-B604-24D7F52FDBBD}.Release|x86.Build.0 = Release|x86
		{4FED31F6-C456-4718-90FB-A15111D22858}.Debug|Any CPU.ActiveCfg = Debug|Any CPU
		{4FED31F6-C456-4718-90FB-A15111D22858}.Debug|Any CPU.Build.0 = Debug|Any CPU
		{4FED31F6-C456-4718-90FB-A15111D22858}.Debug|x64.ActiveCfg = Debug|x64
		{4FED31F6-C456-4718-90FB-A15111D22858}.Debug|x64.Build.0 = Debug|x64
		{4FED31F6-C456-4718-90FB-A15111D22858}.Debug|x86.ActiveCfg = Debug|x86
		{4FED31F6-C456-4718-90FB-A15111D22858}.Debug|x86.Build.0 = Debug|x86
		{4FED31F6-C456-4718-90FB-A15111D22858}.Release|Any CPU.ActiveCfg = Release|Any CPU
		{4FED31F6-C456-4718-90FB-A15111D22858}.Release|Any CPU.Build.0 = Release|Any CPU
		{4FED31F6-C456-4718-90FB-A15111D22858}.Release|x64.ActiveCfg = Release|x64
		{4FED31F6-C456-4718-90FB-A15111D22858}.Release|x64.Build.0 = Release|x64
		{4FED31F6-C456-4718-90FB-A15111D22858}.Release|x86.ActiveCfg = Release|x86
		{4FED31F6-C456-4718-90FB-A15111D22858}.Release|x86.Build.0 = Release|x86
		{3F029609-4510-4534-9694-E8877AB4998E}.Debug|Any CPU.ActiveCfg = Debug|Any CPU
		{3F029609-4510-4534-9694-E8877AB4998E}.Debug|Any CPU.Build.0 = Debug|Any CPU
		{3F029609-4510-4534-9694-E8877AB4998E}.Debug|x64.ActiveCfg = Debug|x64
		{3F029609-4510-4534-9694-E8877AB4998E}.Debug|x64.Build.0 = Debug|x64
		{3F029609-4510-4534-9694-E8877AB4998E}.Debug|x86.ActiveCfg = Debug|x86
		{3F029609-4510-4534-9694-E8877AB4998E}.Debug|x86.Build.0 = Debug|x86
		{3F029609-4510-4534-9694-E8877AB4998E}.Release|Any CPU.ActiveCfg = Release|Any CPU
		{3F029609-4510-4534-9694-E8877AB4998E}.Release|Any CPU.Build.0 = Release|Any CPU
		{3F029609-4510-4534-9694-E8877AB4998E}.Release|x64.ActiveCfg = Release|x64
		{3F029609-4510-4534-9694-E8877AB4998E}.Release|x64.Build.0 = Release|x64
		{3F029609-4510-4534-9694-E8877AB4998E}.Release|x86.ActiveCfg = Release|x86
		{3F029609-4510-4534-9694-E8877AB4998E}.Release|x86.Build.0 = Release|x86
		{5D077F7D-3C03-4E5E-8D19-0F83B39149A9}.Debug|Any CPU.ActiveCfg = Debug|Any CPU
		{5D077F7D-3C03-4E5E-8D19-0F83B39149A9}.Debug|Any CPU.Build.0 = Debug|Any CPU
		{5D077F7D-3C03-4E5E-8D19-0F83B39149A9}.Debug|x64.ActiveCfg = Debug|x64
		{5D077F7D-3C03-4E5E-8D19-0F83B39149A9}.Debug|x64.Build.0 = Debug|x64
		{5D077F7D-3C03-4E5E-8D19-0F83B39149A9}.Debug|x86.ActiveCfg = Debug|x86
		{5D077F7D-3C03-4E5E-8D19-0F83B39149A9}.Debug|x86.Build.0 = Debug|x86
		{5D077F7D-3C03-4E5E-8D19-0F83B39149A9}.Release|Any CPU.ActiveCfg = Release|Any CPU
		{5D077F7D-3C03-4E5E-8D19-0F83B39149A9}.Release|Any CPU.Build.0 = Release|Any CPU
		{5D077F7D-3C03-4E5E-8D19-0F83B39149A9}.Release|x64.ActiveCfg = Release|x64
		{5D077F7D-3C03-4E5E-8D19-0F83B39149A9}.Release|x64.Build.0 = Release|x64
		{5D077F7D-3C03-4E5E-8D19-0F83B39149A9}.Release|x86.ActiveCfg = Release|x86
		{5D077F7D-3C03-4E5E-8D19-0F83B39149A9}.Release|x86.Build.0 = Release|x86
		{EC28466D-1D16-4294-BB94-B5567F100BC1}.Debug|Any CPU.ActiveCfg = Debug|Any CPU
		{EC28466D-1D16-4294-BB94-B5567F100BC1}.Debug|Any CPU.Build.0 = Debug|Any CPU
		{EC28466D-1D16-4294-BB94-B5567F100BC1}.Debug|x64.ActiveCfg = Debug|x64
		{EC28466D-1D16-4294-BB94-B5567F100BC1}.Debug|x64.Build.0 = Debug|x64
		{EC28466D-1D16-4294-BB94-B5567F100BC1}.Debug|x86.ActiveCfg = Debug|x86
		{EC28466D-1D16-4294-BB94-B5567F100BC1}.Debug|x86.Build.0 = Debug|x86
		{EC28466D-1D16-4294-BB94-B5567F100BC1}.Release|Any CPU.ActiveCfg = Release|Any CPU
		{EC28466D-1D16-4294-BB94-B5567F100BC1}.Release|Any CPU.Build.0 = Release|Any CPU
		{EC28466D-1D16-4294-BB94-B5567F100BC1}.Release|x64.ActiveCfg = Release|x64
		{EC28466D-1D16-4294-BB94-B5567F100BC1}.Release|x64.Build.0 = Release|x64
		{EC28466D-1D16-4294-BB94-B5567F100BC1}.Release|x86.ActiveCfg = Release|x86
		{EC28466D-1D16-4294-BB94-B5567F100BC1}.Release|x86.Build.0 = Release|x86
		{961256BC-07BF-4117-A2EC-5BF533C6D909}.Debug|Any CPU.ActiveCfg = Debug|Any CPU
		{961256BC-07BF-4117-A2EC-5BF533C6D909}.Debug|Any CPU.Build.0 = Debug|Any CPU
		{961256BC-07BF-4117-A2EC-5BF533C6D909}.Debug|x64.ActiveCfg = Debug|Any CPU
		{961256BC-07BF-4117-A2EC-5BF533C6D909}.Debug|x64.Build.0 = Debug|Any CPU
		{961256BC-07BF-4117-A2EC-5BF533C6D909}.Debug|x86.ActiveCfg = Debug|x86
		{961256BC-07BF-4117-A2EC-5BF533C6D909}.Debug|x86.Build.0 = Debug|x86
		{961256BC-07BF-4117-A2EC-5BF533C6D909}.Release|Any CPU.ActiveCfg = Release|Any CPU
		{961256BC-07BF-4117-A2EC-5BF533C6D909}.Release|Any CPU.Build.0 = Release|Any CPU
		{961256BC-07BF-4117-A2EC-5BF533C6D909}.Release|x64.ActiveCfg = Release|Any CPU
		{961256BC-07BF-4117-A2EC-5BF533C6D909}.Release|x64.Build.0 = Release|Any CPU
		{961256BC-07BF-4117-A2EC-5BF533C6D909}.Release|x86.ActiveCfg = Release|Any CPU
		{961256BC-07BF-4117-A2EC-5BF533C6D909}.Release|x86.Build.0 = Release|Any CPU
		{D02FDA0C-3121-4EDE-87EC-0FB4755CDAC5}.Debug|Any CPU.ActiveCfg = Debug|Any CPU
		{D02FDA0C-3121-4EDE-87EC-0FB4755CDAC5}.Debug|Any CPU.Build.0 = Debug|Any CPU
		{D02FDA0C-3121-4EDE-87EC-0FB4755CDAC5}.Debug|x64.ActiveCfg = Debug|x64
		{D02FDA0C-3121-4EDE-87EC-0FB4755CDAC5}.Debug|x64.Build.0 = Debug|x64
		{D02FDA0C-3121-4EDE-87EC-0FB4755CDAC5}.Debug|x86.ActiveCfg = Debug|x86
		{D02FDA0C-3121-4EDE-87EC-0FB4755CDAC5}.Debug|x86.Build.0 = Debug|x86
		{D02FDA0C-3121-4EDE-87EC-0FB4755CDAC5}.Release|Any CPU.ActiveCfg = Release|Any CPU
		{D02FDA0C-3121-4EDE-87EC-0FB4755CDAC5}.Release|Any CPU.Build.0 = Release|Any CPU
		{D02FDA0C-3121-4EDE-87EC-0FB4755CDAC5}.Release|x64.ActiveCfg = Release|x64
		{D02FDA0C-3121-4EDE-87EC-0FB4755CDAC5}.Release|x64.Build.0 = Release|x64
		{D02FDA0C-3121-4EDE-87EC-0FB4755CDAC5}.Release|x86.ActiveCfg = Release|x86
		{D02FDA0C-3121-4EDE-87EC-0FB4755CDAC5}.Release|x86.Build.0 = Release|x86
		{039FB4E4-B19E-48C7-A60E-1C7CCAAE6558}.Debug|Any CPU.ActiveCfg = Debug|Any CPU
		{039FB4E4-B19E-48C7-A60E-1C7CCAAE6558}.Debug|Any CPU.Build.0 = Debug|Any CPU
		{039FB4E4-B19E-48C7-A60E-1C7CCAAE6558}.Debug|x64.ActiveCfg = Debug|Any CPU
		{039FB4E4-B19E-48C7-A60E-1C7CCAAE6558}.Debug|x64.Build.0 = Debug|Any CPU
		{039FB4E4-B19E-48C7-A60E-1C7CCAAE6558}.Debug|x86.ActiveCfg = Debug|x86
		{039FB4E4-B19E-48C7-A60E-1C7CCAAE6558}.Debug|x86.Build.0 = Debug|x86
		{039FB4E4-B19E-48C7-A60E-1C7CCAAE6558}.Release|Any CPU.ActiveCfg = Release|Any CPU
		{039FB4E4-B19E-48C7-A60E-1C7CCAAE6558}.Release|Any CPU.Build.0 = Release|Any CPU
		{039FB4E4-B19E-48C7-A60E-1C7CCAAE6558}.Release|x64.ActiveCfg = Release|Any CPU
		{039FB4E4-B19E-48C7-A60E-1C7CCAAE6558}.Release|x64.Build.0 = Release|Any CPU
		{039FB4E4-B19E-48C7-A60E-1C7CCAAE6558}.Release|x86.ActiveCfg = Release|Any CPU
		{039FB4E4-B19E-48C7-A60E-1C7CCAAE6558}.Release|x86.Build.0 = Release|Any CPU
		{09A3FB1E-2D36-43C2-896E-97393AEA65A4}.Debug|Any CPU.ActiveCfg = Debug|Any CPU
		{09A3FB1E-2D36-43C2-896E-97393AEA65A4}.Debug|Any CPU.Build.0 = Debug|Any CPU
		{09A3FB1E-2D36-43C2-896E-97393AEA65A4}.Debug|x64.ActiveCfg = Debug|x64
		{09A3FB1E-2D36-43C2-896E-97393AEA65A4}.Debug|x64.Build.0 = Debug|x64
		{09A3FB1E-2D36-43C2-896E-97393AEA65A4}.Debug|x86.ActiveCfg = Debug|x86
		{09A3FB1E-2D36-43C2-896E-97393AEA65A4}.Debug|x86.Build.0 = Debug|x86
		{09A3FB1E-2D36-43C2-896E-97393AEA65A4}.Release|Any CPU.ActiveCfg = Release|Any CPU
		{09A3FB1E-2D36-43C2-896E-97393AEA65A4}.Release|Any CPU.Build.0 = Release|Any CPU
		{09A3FB1E-2D36-43C2-896E-97393AEA65A4}.Release|x64.ActiveCfg = Release|x64
		{09A3FB1E-2D36-43C2-896E-97393AEA65A4}.Release|x64.Build.0 = Release|x64
		{09A3FB1E-2D36-43C2-896E-97393AEA65A4}.Release|x86.ActiveCfg = Release|x86
		{09A3FB1E-2D36-43C2-896E-97393AEA65A4}.Release|x86.Build.0 = Release|x86
		{D9DB6840-A136-44BF-B6C3-1261D4B3F56F}.Debug|Any CPU.ActiveCfg = Debug|Any CPU
		{D9DB6840-A136-44BF-B6C3-1261D4B3F56F}.Debug|Any CPU.Build.0 = Debug|Any CPU
		{D9DB6840-A136-44BF-B6C3-1261D4B3F56F}.Debug|x64.ActiveCfg = Debug|Any CPU
		{D9DB6840-A136-44BF-B6C3-1261D4B3F56F}.Debug|x64.Build.0 = Debug|Any CPU
		{D9DB6840-A136-44BF-B6C3-1261D4B3F56F}.Debug|x86.ActiveCfg = Debug|Any CPU
		{D9DB6840-A136-44BF-B6C3-1261D4B3F56F}.Debug|x86.Build.0 = Debug|Any CPU
		{D9DB6840-A136-44BF-B6C3-1261D4B3F56F}.Release|Any CPU.ActiveCfg = Release|Any CPU
		{D9DB6840-A136-44BF-B6C3-1261D4B3F56F}.Release|Any CPU.Build.0 = Release|Any CPU
		{D9DB6840-A136-44BF-B6C3-1261D4B3F56F}.Release|x64.ActiveCfg = Release|Any CPU
		{D9DB6840-A136-44BF-B6C3-1261D4B3F56F}.Release|x64.Build.0 = Release|Any CPU
		{D9DB6840-A136-44BF-B6C3-1261D4B3F56F}.Release|x86.ActiveCfg = Release|Any CPU
		{D9DB6840-A136-44BF-B6C3-1261D4B3F56F}.Release|x86.Build.0 = Release|Any CPU
		{981D0EE3-D159-4AB1-8DE6-8AEE8DCB12C7}.Debug|Any CPU.ActiveCfg = Debug|Any CPU
		{981D0EE3-D159-4AB1-8DE6-8AEE8DCB12C7}.Debug|Any CPU.Build.0 = Debug|Any CPU
		{981D0EE3-D159-4AB1-8DE6-8AEE8DCB12C7}.Debug|x64.ActiveCfg = Debug|x64
		{981D0EE3-D159-4AB1-8DE6-8AEE8DCB12C7}.Debug|x64.Build.0 = Debug|x64
		{981D0EE3-D159-4AB1-8DE6-8AEE8DCB12C7}.Debug|x86.ActiveCfg = Debug|x86
		{981D0EE3-D159-4AB1-8DE6-8AEE8DCB12C7}.Debug|x86.Build.0 = Debug|x86
		{981D0EE3-D159-4AB1-8DE6-8AEE8DCB12C7}.Release|Any CPU.ActiveCfg = Release|Any CPU
		{981D0EE3-D159-4AB1-8DE6-8AEE8DCB12C7}.Release|Any CPU.Build.0 = Release|Any CPU
		{981D0EE3-D159-4AB1-8DE6-8AEE8DCB12C7}.Release|x64.ActiveCfg = Release|x64
		{981D0EE3-D159-4AB1-8DE6-8AEE8DCB12C7}.Release|x64.Build.0 = Release|x64
		{981D0EE3-D159-4AB1-8DE6-8AEE8DCB12C7}.Release|x86.ActiveCfg = Release|x86
		{981D0EE3-D159-4AB1-8DE6-8AEE8DCB12C7}.Release|x86.Build.0 = Release|x86
		{57C126D9-B6F7-44E3-A0B1-A75B434B1970}.Debug|Any CPU.ActiveCfg = Debug|Any CPU
		{57C126D9-B6F7-44E3-A0B1-A75B434B1970}.Debug|Any CPU.Build.0 = Debug|Any CPU
		{57C126D9-B6F7-44E3-A0B1-A75B434B1970}.Debug|x64.ActiveCfg = Debug|x64
		{57C126D9-B6F7-44E3-A0B1-A75B434B1970}.Debug|x64.Build.0 = Debug|x64
		{57C126D9-B6F7-44E3-A0B1-A75B434B1970}.Debug|x86.ActiveCfg = Debug|x86
		{57C126D9-B6F7-44E3-A0B1-A75B434B1970}.Debug|x86.Build.0 = Debug|x86
		{57C126D9-B6F7-44E3-A0B1-A75B434B1970}.Release|Any CPU.ActiveCfg = Release|Any CPU
		{57C126D9-B6F7-44E3-A0B1-A75B434B1970}.Release|Any CPU.Build.0 = Release|Any CPU
		{57C126D9-B6F7-44E3-A0B1-A75B434B1970}.Release|x64.ActiveCfg = Release|x64
		{57C126D9-B6F7-44E3-A0B1-A75B434B1970}.Release|x64.Build.0 = Release|x64
		{57C126D9-B6F7-44E3-A0B1-A75B434B1970}.Release|x86.ActiveCfg = Release|x86
		{57C126D9-B6F7-44E3-A0B1-A75B434B1970}.Release|x86.Build.0 = Release|x86
		{02CEDDE7-5A09-41CA-8481-C055224D60EB}.Debug|Any CPU.ActiveCfg = Debug|Any CPU
		{02CEDDE7-5A09-41CA-8481-C055224D60EB}.Debug|Any CPU.Build.0 = Debug|Any CPU
		{02CEDDE7-5A09-41CA-8481-C055224D60EB}.Debug|x64.ActiveCfg = Debug|x64
		{02CEDDE7-5A09-41CA-8481-C055224D60EB}.Debug|x64.Build.0 = Debug|x64
		{02CEDDE7-5A09-41CA-8481-C055224D60EB}.Debug|x86.ActiveCfg = Debug|x86
		{02CEDDE7-5A09-41CA-8481-C055224D60EB}.Debug|x86.Build.0 = Debug|x86
		{02CEDDE7-5A09-41CA-8481-C055224D60EB}.Release|Any CPU.ActiveCfg = Release|Any CPU
		{02CEDDE7-5A09-41CA-8481-C055224D60EB}.Release|Any CPU.Build.0 = Release|Any CPU
		{02CEDDE7-5A09-41CA-8481-C055224D60EB}.Release|x64.ActiveCfg = Release|x64
		{02CEDDE7-5A09-41CA-8481-C055224D60EB}.Release|x64.Build.0 = Release|x64
		{02CEDDE7-5A09-41CA-8481-C055224D60EB}.Release|x86.ActiveCfg = Release|x86
		{02CEDDE7-5A09-41CA-8481-C055224D60EB}.Release|x86.Build.0 = Release|x86
		{EF13DFAB-4AE7-4288-B4B5-9FA0DD757AAD}.Debug|Any CPU.ActiveCfg = Debug|Any CPU
		{EF13DFAB-4AE7-4288-B4B5-9FA0DD757AAD}.Debug|Any CPU.Build.0 = Debug|Any CPU
		{EF13DFAB-4AE7-4288-B4B5-9FA0DD757AAD}.Debug|x64.ActiveCfg = Debug|x64
		{EF13DFAB-4AE7-4288-B4B5-9FA0DD757AAD}.Debug|x64.Build.0 = Debug|x64
		{EF13DFAB-4AE7-4288-B4B5-9FA0DD757AAD}.Debug|x86.ActiveCfg = Debug|x86
		{EF13DFAB-4AE7-4288-B4B5-9FA0DD757AAD}.Debug|x86.Build.0 = Debug|x86
		{EF13DFAB-4AE7-4288-B4B5-9FA0DD757AAD}.Release|Any CPU.ActiveCfg = Release|Any CPU
		{EF13DFAB-4AE7-4288-B4B5-9FA0DD757AAD}.Release|Any CPU.Build.0 = Release|Any CPU
		{EF13DFAB-4AE7-4288-B4B5-9FA0DD757AAD}.Release|x64.ActiveCfg = Release|x64
		{EF13DFAB-4AE7-4288-B4B5-9FA0DD757AAD}.Release|x64.Build.0 = Release|x64
		{EF13DFAB-4AE7-4288-B4B5-9FA0DD757AAD}.Release|x86.ActiveCfg = Release|x86
		{EF13DFAB-4AE7-4288-B4B5-9FA0DD757AAD}.Release|x86.Build.0 = Release|x86
		{81B1CAD2-0F0E-42EE-85DF-D5715116BAD6}.Debug|Any CPU.ActiveCfg = Debug|Any CPU
		{81B1CAD2-0F0E-42EE-85DF-D5715116BAD6}.Debug|Any CPU.Build.0 = Debug|Any CPU
		{81B1CAD2-0F0E-42EE-85DF-D5715116BAD6}.Debug|x64.ActiveCfg = Debug|Any CPU
		{81B1CAD2-0F0E-42EE-85DF-D5715116BAD6}.Debug|x64.Build.0 = Debug|Any CPU
		{81B1CAD2-0F0E-42EE-85DF-D5715116BAD6}.Debug|x86.ActiveCfg = Debug|Any CPU
		{81B1CAD2-0F0E-42EE-85DF-D5715116BAD6}.Debug|x86.Build.0 = Debug|Any CPU
		{81B1CAD2-0F0E-42EE-85DF-D5715116BAD6}.Release|Any CPU.ActiveCfg = Release|Any CPU
		{81B1CAD2-0F0E-42EE-85DF-D5715116BAD6}.Release|Any CPU.Build.0 = Release|Any CPU
		{81B1CAD2-0F0E-42EE-85DF-D5715116BAD6}.Release|x64.ActiveCfg = Release|Any CPU
		{81B1CAD2-0F0E-42EE-85DF-D5715116BAD6}.Release|x64.Build.0 = Release|Any CPU
		{81B1CAD2-0F0E-42EE-85DF-D5715116BAD6}.Release|x86.ActiveCfg = Release|Any CPU
		{81B1CAD2-0F0E-42EE-85DF-D5715116BAD6}.Release|x86.Build.0 = Release|Any CPU
		{58818FAF-B8E4-4099-86B9-0D6E1917A737}.Debug|Any CPU.ActiveCfg = Debug|Any CPU
		{58818FAF-B8E4-4099-86B9-0D6E1917A737}.Debug|Any CPU.Build.0 = Debug|Any CPU
		{58818FAF-B8E4-4099-86B9-0D6E1917A737}.Debug|x64.ActiveCfg = Debug|Any CPU
		{58818FAF-B8E4-4099-86B9-0D6E1917A737}.Debug|x64.Build.0 = Debug|Any CPU
		{58818FAF-B8E4-4099-86B9-0D6E1917A737}.Debug|x86.ActiveCfg = Debug|Any CPU
		{58818FAF-B8E4-4099-86B9-0D6E1917A737}.Debug|x86.Build.0 = Debug|Any CPU
		{58818FAF-B8E4-4099-86B9-0D6E1917A737}.Release|Any CPU.ActiveCfg = Release|Any CPU
		{58818FAF-B8E4-4099-86B9-0D6E1917A737}.Release|Any CPU.Build.0 = Release|Any CPU
		{58818FAF-B8E4-4099-86B9-0D6E1917A737}.Release|x64.ActiveCfg = Release|Any CPU
		{58818FAF-B8E4-4099-86B9-0D6E1917A737}.Release|x64.Build.0 = Release|Any CPU
		{58818FAF-B8E4-4099-86B9-0D6E1917A737}.Release|x86.ActiveCfg = Release|Any CPU
		{58818FAF-B8E4-4099-86B9-0D6E1917A737}.Release|x86.Build.0 = Release|Any CPU
		{091049CE-CFB0-47B7-9C53-1C75E1C9725D}.Debug|Any CPU.ActiveCfg = Debug|Any CPU
		{091049CE-CFB0-47B7-9C53-1C75E1C9725D}.Debug|Any CPU.Build.0 = Debug|Any CPU
		{091049CE-CFB0-47B7-9C53-1C75E1C9725D}.Debug|x64.ActiveCfg = Debug|Any CPU
		{091049CE-CFB0-47B7-9C53-1C75E1C9725D}.Debug|x64.Build.0 = Debug|Any CPU
		{091049CE-CFB0-47B7-9C53-1C75E1C9725D}.Debug|x86.ActiveCfg = Debug|Any CPU
		{091049CE-CFB0-47B7-9C53-1C75E1C9725D}.Debug|x86.Build.0 = Debug|Any CPU
		{091049CE-CFB0-47B7-9C53-1C75E1C9725D}.Release|Any CPU.ActiveCfg = Release|Any CPU
		{091049CE-CFB0-47B7-9C53-1C75E1C9725D}.Release|Any CPU.Build.0 = Release|Any CPU
		{091049CE-CFB0-47B7-9C53-1C75E1C9725D}.Release|x64.ActiveCfg = Release|Any CPU
		{091049CE-CFB0-47B7-9C53-1C75E1C9725D}.Release|x64.Build.0 = Release|Any CPU
		{091049CE-CFB0-47B7-9C53-1C75E1C9725D}.Release|x86.ActiveCfg = Release|Any CPU
		{091049CE-CFB0-47B7-9C53-1C75E1C9725D}.Release|x86.Build.0 = Release|Any CPU
	EndGlobalSection
	GlobalSection(SolutionProperties) = preSolution
		HideSolutionNode = FALSE
	EndGlobalSection
	GlobalSection(NestedProjects) = preSolution
		{ABD9D342-DEA7-4843-8636-D1AAA54D1CF5} = {15086548-E820-4CA5-A934-16A23DEF1578}
		{5F9A51F6-0A0A-4E33-A554-3C3A3F8A4B41} = {15086548-E820-4CA5-A934-16A23DEF1578}
		{F8C3AEE9-82C6-4B97-8C7B-31B1F8906644} = {62EB3638-C885-4FE1-97A0-637FB567D24C}
		{49C1AC4D-91D4-4DB2-B4F0-FBA11AA2212C} = {62EB3638-C885-4FE1-97A0-637FB567D24C}
		{A918E918-A56A-44BE-BD9E-A1D1756BA6A1} = {62EB3638-C885-4FE1-97A0-637FB567D24C}
		{9CDC28B4-19F6-4D8C-A268-7A4034DA6BA6} = {62EB3638-C885-4FE1-97A0-637FB567D24C}
		{F8646414-0C9C-49BB-9DA3-3923BF78A398} = {62EB3638-C885-4FE1-97A0-637FB567D24C}
		{CA5D295F-BAE3-42AB-8498-E6C913751973} = {62EB3638-C885-4FE1-97A0-637FB567D24C}
		{2CDE3DCD-4D3F-4419-BF89-ADE042124700} = {62EB3638-C885-4FE1-97A0-637FB567D24C}
		{F511D4F6-77A9-4273-BDC1-8B97E9F4EECC} = {62EB3638-C885-4FE1-97A0-637FB567D24C}
		{945DBF74-FB4B-416E-86F4-F23BE5E13E41} = {62EB3638-C885-4FE1-97A0-637FB567D24C}
		{1BCAC7DA-E1D5-409C-B604-24D7F52FDBBD} = {62EB3638-C885-4FE1-97A0-637FB567D24C}
		{4FED31F6-C456-4718-90FB-A15111D22858} = {62EB3638-C885-4FE1-97A0-637FB567D24C}
		{3F029609-4510-4534-9694-E8877AB4998E} = {62EB3638-C885-4FE1-97A0-637FB567D24C}
		{5D077F7D-3C03-4E5E-8D19-0F83B39149A9} = {62EB3638-C885-4FE1-97A0-637FB567D24C}
		{EC28466D-1D16-4294-BB94-B5567F100BC1} = {62EB3638-C885-4FE1-97A0-637FB567D24C}
		{961256BC-07BF-4117-A2EC-5BF533C6D909} = {62EB3638-C885-4FE1-97A0-637FB567D24C}
		{D02FDA0C-3121-4EDE-87EC-0FB4755CDAC5} = {62EB3638-C885-4FE1-97A0-637FB567D24C}
		{039FB4E4-B19E-48C7-A60E-1C7CCAAE6558} = {62EB3638-C885-4FE1-97A0-637FB567D24C}
		{09A3FB1E-2D36-43C2-896E-97393AEA65A4} = {62EB3638-C885-4FE1-97A0-637FB567D24C}
		{D9DB6840-A136-44BF-B6C3-1261D4B3F56F} = {62EB3638-C885-4FE1-97A0-637FB567D24C}
		{981D0EE3-D159-4AB1-8DE6-8AEE8DCB12C7} = {74B7AFC5-E659-4132-A3C1-842B01DBF7E1}
		{57C126D9-B6F7-44E3-A0B1-A75B434B1970} = {62EB3638-C885-4FE1-97A0-637FB567D24C}
		{02CEDDE7-5A09-41CA-8481-C055224D60EB} = {74B7AFC5-E659-4132-A3C1-842B01DBF7E1}
		{EF13DFAB-4AE7-4288-B4B5-9FA0DD757AAD} = {74B7AFC5-E659-4132-A3C1-842B01DBF7E1}
		{81B1CAD2-0F0E-42EE-85DF-D5715116BAD6} = {74B7AFC5-E659-4132-A3C1-842B01DBF7E1}
		{58818FAF-B8E4-4099-86B9-0D6E1917A737} = {74B7AFC5-E659-4132-A3C1-842B01DBF7E1}
		{091049CE-CFB0-47B7-9C53-1C75E1C9725D} = {74B7AFC5-E659-4132-A3C1-842B01DBF7E1}
	EndGlobalSection
	GlobalSection(ExtensibilityGlobals) = postSolution
		SolutionGuid = {1AFB6A6A-CEE3-475B-B247-C6CE66905FDE}
	EndGlobalSection
EndGlobal
