
Microsoft Visual Studio Solution File, Format Version 12.00
# Visual Studio Version 18
VisualStudioVersion = 18.6.11806.211 stable
MinimumVisualStudioVersion = 10.0.40219.1
Project("{FAE04EC0-301F-11D3-BF4B-00C04F79EFBC}") = "TVPlayer", "TVPlayer.csproj", "{8F16BCC9-814A-0E08-875C-283E57874B69}"
EndProject
Global
	GlobalSection(SolutionConfigurationPlatforms) = preSolution
		Debug|Any CPU = Debug|Any CPU
		Release|Any CPU = Release|Any CPU
	EndGlobalSection
	GlobalSection(ProjectConfigurationPlatforms) = postSolution
		{8F16BCC9-814A-0E08-875C-283E57874B69}.Debug|Any CPU.ActiveCfg = Debug|Any CPU
		{8F16BCC9-814A-0E08-875C-283E57874B69}.Debug|Any CPU.Build.0 = Debug|Any CPU
		{8F16BCC9-814A-0E08-875C-283E57874B69}.Release|Any CPU.ActiveCfg = Release|Any CPU
		{8F16BCC9-814A-0E08-875C-283E57874B69}.Release|Any CPU.Build.0 = Release|Any CPU
	EndGlobalSection
	GlobalSection(SolutionProperties) = preSolution
		HideSolutionNode = FALSE
	EndGlobalSection
	GlobalSection(ExtensibilityGlobals) = postSolution
		SolutionGuid = {BBEF06D7-56F4-40B0-B896-FDAB022AA325}
	EndGlobalSection
EndGlobal
