
Microsoft Visual Studio Solution File, Format Version 12.00
# Visual Studio Version 17
VisualStudioVersion = 17.14.36623.8
MinimumVisualStudioVersion = 10.0.40219.1
Project("{FAE04EC0-301F-11D3-BF4B-00C04F79EFBC}") = "1337xSearchTool", "1337xSearchTool\1337xSearchTool.csproj", "{A2B1CF11-24C5-4B18-8E9B-4644A613E436}"
EndProject
Project("{FAE04EC0-301F-11D3-BF4B-00C04F79EFBC}") = "WebHelper", "..\WebHelper\WebHelper.csproj", "{5B6549E2-D1B6-4463-B0FB-9B7F854B3C74}"
EndProject
Global
	GlobalSection(SolutionConfigurationPlatforms) = preSolution
		Debug|Any CPU = Debug|Any CPU
		Release|Any CPU = Release|Any CPU
	EndGlobalSection
	GlobalSection(ProjectConfigurationPlatforms) = postSolution
		{A2B1CF11-24C5-4B18-8E9B-4644A613E436}.Debug|Any CPU.ActiveCfg = Debug|Any CPU
		{A2B1CF11-24C5-4B18-8E9B-4644A613E436}.Debug|Any CPU.Build.0 = Debug|Any CPU
		{A2B1CF11-24C5-4B18-8E9B-4644A613E436}.Release|Any CPU.ActiveCfg = Release|Any CPU
		{A2B1CF11-24C5-4B18-8E9B-4644A613E436}.Release|Any CPU.Build.0 = Release|Any CPU
		{5B6549E2-D1B6-4463-B0FB-9B7F854B3C74}.Debug|Any CPU.ActiveCfg = Debug|Any CPU
		{5B6549E2-D1B6-4463-B0FB-9B7F854B3C74}.Debug|Any CPU.Build.0 = Debug|Any CPU
		{5B6549E2-D1B6-4463-B0FB-9B7F854B3C74}.Release|Any CPU.ActiveCfg = Release|Any CPU
		{5B6549E2-D1B6-4463-B0FB-9B7F854B3C74}.Release|Any CPU.Build.0 = Release|Any CPU
	EndGlobalSection
	GlobalSection(SolutionProperties) = preSolution
		HideSolutionNode = FALSE
	EndGlobalSection
	GlobalSection(ExtensibilityGlobals) = postSolution
		SolutionGuid = {DA14BCFF-F381-4B3E-B60C-8517B931CB30}
	EndGlobalSection
EndGlobal
