
Microsoft Visual Studio Solution File, Format Version 12.00
# Visual Studio Version 17
VisualStudioVersion = 17.14.36717.8 d17.14
MinimumVisualStudioVersion = 10.0.40219.1
Project("{FAE04EC0-301F-11D3-BF4B-00C04F79EFBC}") = "OnvifJoystick", "OnvifJoystick\OnvifJoystick.csproj", "{A07106CF-4344-4571-AE4E-703C9251E160}"
EndProject
Global
	GlobalSection(SolutionConfigurationPlatforms) = preSolution
		Debug|Any CPU = Debug|Any CPU
		Release|Any CPU = Release|Any CPU
	EndGlobalSection
	GlobalSection(ProjectConfigurationPlatforms) = postSolution
		{A07106CF-4344-4571-AE4E-703C9251E160}.Debug|Any CPU.ActiveCfg = Debug|Any CPU
		{A07106CF-4344-4571-AE4E-703C9251E160}.Debug|Any CPU.Build.0 = Debug|Any CPU
		{A07106CF-4344-4571-AE4E-703C9251E160}.Release|Any CPU.ActiveCfg = Release|Any CPU
		{A07106CF-4344-4571-AE4E-703C9251E160}.Release|Any CPU.Build.0 = Release|Any CPU
	EndGlobalSection
	GlobalSection(SolutionProperties) = preSolution
		HideSolutionNode = FALSE
	EndGlobalSection
	GlobalSection(ExtensibilityGlobals) = postSolution
		SolutionGuid = {A1DA6D79-601E-4030-9E5E-73B7914DBBFE}
	EndGlobalSection
EndGlobal
