
Microsoft Visual Studio Solution File, Format Version 12.00
# Visual Studio Version 17
VisualStudioVersion = 17.4.33213.308
MinimumVisualStudioVersion = 10.0.40219.1
Project("{FAE04EC0-301F-11D3-BF4B-00C04F79EFBC}") = "DITool", "DITool\DITool.csproj", "{0702BC06-9F64-4B51-9902-8DEEFCB77A49}"
EndProject
Global
	GlobalSection(SolutionConfigurationPlatforms) = preSolution
		Debug|Any CPU = Debug|Any CPU
		Release|Any CPU = Release|Any CPU
	EndGlobalSection
	GlobalSection(ProjectConfigurationPlatforms) = postSolution
		{0702BC06-9F64-4B51-9902-8DEEFCB77A49}.Debug|Any CPU.ActiveCfg = Debug|Any CPU
		{0702BC06-9F64-4B51-9902-8DEEFCB77A49}.Debug|Any CPU.Build.0 = Debug|Any CPU
		{0702BC06-9F64-4B51-9902-8DEEFCB77A49}.Release|Any CPU.ActiveCfg = Release|Any CPU
		{0702BC06-9F64-4B51-9902-8DEEFCB77A49}.Release|Any CPU.Build.0 = Release|Any CPU
	EndGlobalSection
	GlobalSection(SolutionProperties) = preSolution
		HideSolutionNode = FALSE
	EndGlobalSection
	GlobalSection(ExtensibilityGlobals) = postSolution
		SolutionGuid = {92900A3C-A4D1-4FD7-94D3-BDC42E560B1D}
	EndGlobalSection
EndGlobal
